PODS:
  - HPKDateFormatter (0.1.0)
  - Kiwi (2.3.1)

DEPENDENCIES:
  - HPKDateFormatter (from `../`)
  - Kiwi

EXTERNAL SOURCES:
  HPKDateFormatter:
    :path: ../

SPEC CHECKSUMS:
  HPKDateFormatter: d68439cfdbdfc7a94b7828653b05de1b5f310255
  Kiwi: 73e1400209055ee9c8ba78c6012b6b642d0fb9f7

COCOAPODS: 0.34.4
